// !$*UTF8*$!
{
	archiveVersion = 1;
	classes = {
	};
	objectVersion = 50;
	objects = {

/* Begin PBXBuildFile section */
		0C5F329F20AFF8D99F261C1D /* Pods_XKCD.framework in Frameworks */ = {isa = PBXBuildFile; fileRef = B8606F19E20CFE959695EB44 /* Pods_XKCD.framework */; };
		CD2F1A06220F27A300062D33 /* AppDelegate.swift in Sources */ = {isa = PBXBuildFile; fileRef = CD2F1A05220F27A300062D33 /* AppDelegate.swift */; };
		CD2F1A0B220F27A300062D33 /* Main.storyboard in Resources */ = {isa = PBXBuildFile; fileRef = CD2F1A09220F27A300062D33 /* Main.storyboard */; };
		CD2F1A0D220F27A500062D33 /* Assets.xcassets in Resources */ = {isa = PBXBuildFile; fileRef = CD2F1A0C220F27A500062D33 /* Assets.xcassets */; };
		CD2F1A10220F27A500062D33 /* LaunchScreen.storyboard in Resources */ = {isa = PBXBuildFile; fileRef = CD2F1A0E220F27A500062D33 /* LaunchScreen.storyboard */; };
		CD2F1A18220F283A00062D33 /* FeedViewController.swift in Sources */ = {isa = PBXBuildFile; fileRef = CD2F1A17220F283A00062D33 /* FeedViewController.swift */; };
		CD2F1A1D220F2A0B00062D33 /* FeedViewControllerCell.swift in Sources */ = {isa = PBXBuildFile; fileRef = CD2F1A1B220F2A0B00062D33 /* FeedViewControllerCell.swift */; };
		CD2F1A1E220F2A0B00062D33 /* FeedViewControllerCell.xib in Resources */ = {isa = PBXBuildFile; fileRef = CD2F1A1C220F2A0B00062D33 /* FeedViewControllerCell.xib */; };
		CD2F1A2222128F8500062D33 /* NetworkService.swift in Sources */ = {isa = PBXBuildFile; fileRef = CD2F1A2122128F8500062D33 /* NetworkService.swift */; };
		CD2F1A242212939700062D33 /* Constants.swift in Sources */ = {isa = PBXBuildFile; fileRef = CD2F1A232212939700062D33 /* Constants.swift */; };
		CD2F1A2722129B8800062D33 /* FeedViewControllerViewModel.swift in Sources */ = {isa = PBXBuildFile; fileRef = CD2F1A2622129B8800062D33 /* FeedViewControllerViewModel.swift */; };
		CD2F1A2922129BD300062D33 /* ComicService.swift in Sources */ = {isa = PBXBuildFile; fileRef = CD2F1A2822129BD300062D33 /* ComicService.swift */; };
		CD2F1A2C22129DB800062D33 /* Comic.swift in Sources */ = {isa = PBXBuildFile; fileRef = CD2F1A2B22129DB800062D33 /* Comic.swift */; };
		CD2F1A2E22143EAB00062D33 /* FeedViewControllerCellViewModel.swift in Sources */ = {isa = PBXBuildFile; fileRef = CD2F1A2D22143EAB00062D33 /* FeedViewControllerCellViewModel.swift */; };
		CD2F1A30221453CC00062D33 /* Bindable.swift in Sources */ = {isa = PBXBuildFile; fileRef = CD2F1A2F221453CC00062D33 /* Bindable.swift */; };
		CD2F1A322216009A00062D33 /* FavoriteViewController.swift in Sources */ = {isa = PBXBuildFile; fileRef = CD2F1A312216009A00062D33 /* FavoriteViewController.swift */; };
		CD2F1A34221606F600062D33 /* FavoriteViewControllerViewModel.swift in Sources */ = {isa = PBXBuildFile; fileRef = CD2F1A33221606F600062D33 /* FavoriteViewControllerViewModel.swift */; };
		CD2F1A3722160ED700062D33 /* FavoriteViewControllerEmptyCell.swift in Sources */ = {isa = PBXBuildFile; fileRef = CD2F1A3522160ED700062D33 /* FavoriteViewControllerEmptyCell.swift */; };
		CD2F1A3822160ED700062D33 /* FavoriteViewControllerEmptyCell.xib in Resources */ = {isa = PBXBuildFile; fileRef = CD2F1A3622160ED700062D33 /* FavoriteViewControllerEmptyCell.xib */; };
/* End PBXBuildFile section */

/* Begin PBXFileReference section */
		54033CA1578E26DD92E85E2D /* Pods-XKCD.release.xcconfig */ = {isa = PBXFileReference; includeInIndex = 1; lastKnownFileType = text.xcconfig; name = "Pods-XKCD.release.xcconfig"; path = "Pods/Target Support Files/Pods-XKCD/Pods-XKCD.release.xcconfig"; sourceTree = "<group>"; };
		B8606F19E20CFE959695EB44 /* Pods_XKCD.framework */ = {isa = PBXFileReference; explicitFileType = wrapper.framework; includeInIndex = 0; path = Pods_XKCD.framework; sourceTree = BUILT_PRODUCTS_DIR; };
		CD2F1A02220F27A300062D33 /* XKCD.app */ = {isa = PBXFileReference; explicitFileType = wrapper.application; includeInIndex = 0; path = XKCD.app; sourceTree = BUILT_PRODUCTS_DIR; };
		CD2F1A05220F27A300062D33 /* AppDelegate.swift */ = {isa = PBXFileReference; lastKnownFileType = sourcecode.swift; path = AppDelegate.swift; sourceTree = "<group>"; };
		CD2F1A0A220F27A300062D33 /* Base */ = {isa = PBXFileReference; lastKnownFileType = file.storyboard; name = Base; path = Base.lproj/Main.storyboard; sourceTree = "<group>"; };
		CD2F1A0C220F27A500062D33 /* Assets.xcassets */ = {isa = PBXFileReference; lastKnownFileType = folder.assetcatalog; path = Assets.xcassets; sourceTree = "<group>"; };
		CD2F1A0F220F27A500062D33 /* Base */ = {isa = PBXFileReference; lastKnownFileType = file.storyboard; name = Base; path = Base.lproj/LaunchScreen.storyboard; sourceTree = "<group>"; };
		CD2F1A11220F27A500062D33 /* Info.plist */ = {isa = PBXFileReference; lastKnownFileType = text.plist.xml; path = Info.plist; sourceTree = "<group>"; };
		CD2F1A17220F283A00062D33 /* FeedViewController.swift */ = {isa = PBXFileReference; lastKnownFileType = sourcecode.swift; path = FeedViewController.swift; sourceTree = "<group>"; };
		CD2F1A1B220F2A0B00062D33 /* FeedViewControllerCell.swift */ = {isa = PBXFileReference; lastKnownFileType = sourcecode.swift; path = FeedViewControllerCell.swift; sourceTree = "<group>"; };
		CD2F1A1C220F2A0B00062D33 /* FeedViewControllerCell.xib */ = {isa = PBXFileReference; lastKnownFileType = file.xib; path = FeedViewControllerCell.xib; sourceTree = "<group>"; };
		CD2F1A2122128F8500062D33 /* NetworkService.swift */ = {isa = PBXFileReference; lastKnownFileType = sourcecode.swift; path = NetworkService.swift; sourceTree = "<group>"; };
		CD2F1A232212939700062D33 /* Constants.swift */ = {isa = PBXFileReference; lastKnownFileType = sourcecode.swift; path = Constants.swift; sourceTree = "<group>"; };
		CD2F1A2622129B8800062D33 /* FeedViewControllerViewModel.swift */ = {isa = PBXFileReference; lastKnownFileType = sourcecode.swift; path = FeedViewControllerViewModel.swift; sourceTree = "<group>"; };
		CD2F1A2822129BD300062D33 /* ComicService.swift */ = {isa = PBXFileReference; lastKnownFileType = sourcecode.swift; path = ComicService.swift; sourceTree = "<group>"; };
		CD2F1A2B22129DB800062D33 /* Comic.swift */ = {isa = PBXFileReference; lastKnownFileType = sourcecode.swift; path = Comic.swift; sourceTree = "<group>"; };
		CD2F1A2D22143EAB00062D33 /* FeedViewControllerCellViewModel.swift */ = {isa = PBXFileReference; lastKnownFileType = sourcecode.swift; path = FeedViewControllerCellViewModel.swift; sourceTree = "<group>"; };
		CD2F1A2F221453CC00062D33 /* Bindable.swift */ = {isa = PBXFileReference; lastKnownFileType = sourcecode.swift; path = Bindable.swift; sourceTree = "<group>"; };
		CD2F1A312216009A00062D33 /* FavoriteViewController.swift */ = {isa = PBXFileReference; lastKnownFileType = sourcecode.swift; path = FavoriteViewController.swift; sourceTree = "<group>"; };
		CD2F1A33221606F600062D33 /* FavoriteViewControllerViewModel.swift */ = {isa = PBXFileReference; lastKnownFileType = sourcecode.swift; path = FavoriteViewControllerViewModel.swift; sourceTree = "<group>"; };
		CD2F1A3522160ED700062D33 /* FavoriteViewControllerEmptyCell.swift */ = {isa = PBXFileReference; lastKnownFileType = sourcecode.swift; path = FavoriteViewControllerEmptyCell.swift; sourceTree = "<group>"; };
		CD2F1A3622160ED700062D33 /* FavoriteViewControllerEmptyCell.xib */ = {isa = PBXFileReference; lastKnownFileType = file.xib; path = FavoriteViewControllerEmptyCell.xib; sourceTree = "<group>"; };
		F0C537DC87056829DDF1EE80 /* Pods-XKCD.debug.xcconfig */ = {isa = PBXFileReference; includeInIndex = 1; lastKnownFileType = text.xcconfig; name = "Pods-XKCD.debug.xcconfig"; path = "Pods/Target Support Files/Pods-XKCD/Pods-XKCD.debug.xcconfig"; sourceTree = "<group>"; };
/* End PBXFileReference section */

/* Begin PBXFrameworksBuildPhase section */
		CD2F19FF220F27A300062D33 /* Frameworks */ = {
			isa = PBXFrameworksBuildPhase;
			buildActionMask = 2147483647;
			files = (
				0C5F329F20AFF8D99F261C1D /* Pods_XKCD.framework in Frameworks */,
			);
			runOnlyForDeploymentPostprocessing = 0;
		};
/* End PBXFrameworksBuildPhase section */

/* Begin PBXGroup section */
		42DA9052D4A13809792531ED /* Frameworks */ = {
			isa = PBXGroup;
			children = (
				B8606F19E20CFE959695EB44 /* Pods_XKCD.framework */,
			);
			name = Frameworks;
			sourceTree = "<group>";
		};
		CD2F19F9220F27A300062D33 = {
			isa = PBXGroup;
			children = (
				CD2F1A04220F27A300062D33 /* XKCD */,
				CD2F1A03220F27A300062D33 /* Products */,
				DCF44AA3F20572B605C2A462 /* Pods */,
				42DA9052D4A13809792531ED /* Frameworks */,
			);
			sourceTree = "<group>";
		};
		CD2F1A03220F27A300062D33 /* Products */ = {
			isa = PBXGroup;
			children = (
				CD2F1A02220F27A300062D33 /* XKCD.app */,
			);
			name = Products;
			sourceTree = "<group>";
		};
		CD2F1A04220F27A300062D33 /* XKCD */ = {
			isa = PBXGroup;
			children = (
				CD2F1A2A22129D7E00062D33 /* Model */,
				CD2F1A19220F283F00062D33 /* Controller */,
				CD2F1A1F220F2A1700062D33 /* ViewModel */,
				CD2F1A1A220F293900062D33 /* View */,
				CD2F1A2022128F5700062D33 /* Service */,
				CD2F1A252212960D00062D33 /* Helper */,
				CD2F1A05220F27A300062D33 /* AppDelegate.swift */,
				CD2F1A09220F27A300062D33 /* Main.storyboard */,
				CD2F1A0C220F27A500062D33 /* Assets.xcassets */,
				CD2F1A0E220F27A500062D33 /* LaunchScreen.storyboard */,
				CD2F1A11220F27A500062D33 /* Info.plist */,
				CD2F1A232212939700062D33 /* Constants.swift */,
			);
			path = XKCD;
			sourceTree = "<group>";
		};
		CD2F1A19220F283F00062D33 /* Controller */ = {
			isa = PBXGroup;
			children = (
				CD2F1A17220F283A00062D33 /* FeedViewController.swift */,
				CD2F1A312216009A00062D33 /* FavoriteViewController.swift */,
			);
			path = Controller;
			sourceTree = "<group>";
		};
		CD2F1A1A220F293900062D33 /* View */ = {
			isa = PBXGroup;
			children = (
				CD2F1A1B220F2A0B00062D33 /* FeedViewControllerCell.swift */,
				CD2F1A1C220F2A0B00062D33 /* FeedViewControllerCell.xib */,
				CD2F1A3522160ED700062D33 /* FavoriteViewControllerEmptyCell.swift */,
				CD2F1A3622160ED700062D33 /* FavoriteViewControllerEmptyCell.xib */,
			);
			path = View;
			sourceTree = "<group>";
		};
		CD2F1A1F220F2A1700062D33 /* ViewModel */ = {
			isa = PBXGroup;
			children = (
				CD2F1A2622129B8800062D33 /* FeedViewControllerViewModel.swift */,
				CD2F1A2D22143EAB00062D33 /* FeedViewControllerCellViewModel.swift */,
				CD2F1A33221606F600062D33 /* FavoriteViewControllerViewModel.swift */,
			);
			path = ViewModel;
			sourceTree = "<group>";
		};
		CD2F1A2022128F5700062D33 /* Service */ = {
			isa = PBXGroup;
			children = (
				CD2F1A2122128F8500062D33 /* NetworkService.swift */,
				CD2F1A2822129BD300062D33 /* ComicService.swift */,
			);
			path = Service;
			sourceTree = "<group>";
		};
		CD2F1A252212960D00062D33 /* Helper */ = {
			isa = PBXGroup;
			children = (
				CD2F1A2F221453CC00062D33 /* Bindable.swift */,
			);
			path = Helper;
			sourceTree = "<group>";
		};
		CD2F1A2A22129D7E00062D33 /* Model */ = {
			isa = PBXGroup;
			children = (
				CD2F1A2B22129DB800062D33 /* Comic.swift */,
			);
			path = Model;
			sourceTree = "<group>";
		};
		DCF44AA3F20572B605C2A462 /* Pods */ = {
			isa = PBXGroup;
			children = (
				F0C537DC87056829DDF1EE80 /* Pods-XKCD.debug.xcconfig */,
				54033CA1578E26DD92E85E2D /* Pods-XKCD.release.xcconfig */,
			);
			name = Pods;
			sourceTree = "<group>";
		};
/* End PBXGroup section */

/* Begin PBXNativeTarget section */
		CD2F1A01220F27A300062D33 /* XKCD */ = {
			isa = PBXNativeTarget;
			buildConfigurationList = CD2F1A14220F27A500062D33 /* Build configuration list for PBXNativeTarget "XKCD" */;
			buildPhases = (
				6881C64D7060EF243152CC3F /* [CP] Check Pods Manifest.lock */,
				CD2F19FE220F27A300062D33 /* Sources */,
				CD2F19FF220F27A300062D33 /* Frameworks */,
				CD2F1A00220F27A300062D33 /* Resources */,
				579A9AFCF2D6E96B9630BB24 /* [CP] Embed Pods Frameworks */,
			);
			buildRules = (
			);
			dependencies = (
			);
			name = XKCD;
			productName = XKCD;
			productReference = CD2F1A02220F27A300062D33 /* XKCD.app */;
			productType = "com.apple.product-type.application";
		};
/* End PBXNativeTarget section */

/* Begin PBXProject section */
		CD2F19FA220F27A300062D33 /* Project object */ = {
			isa = PBXProject;
			attributes = {
				LastSwiftUpdateCheck = 1010;
				LastUpgradeCheck = 1010;
				ORGANIZATIONNAME = homeapps;
				TargetAttributes = {
					CD2F1A01220F27A300062D33 = {
						CreatedOnToolsVersion = 10.1;
					};
				};
			};
			buildConfigurationList = CD2F19FD220F27A300062D33 /* Build configuration list for PBXProject "XKCD" */;
			compatibilityVersion = "Xcode 9.3";
			developmentRegion = en;
			hasScannedForEncodings = 0;
			knownRegions = (
				en,
				Base,
			);
			mainGroup = CD2F19F9220F27A300062D33;
			productRefGroup = CD2F1A03220F27A300062D33 /* Products */;
			projectDirPath = "";
			projectRoot = "";
			targets = (
				CD2F1A01220F27A300062D33 /* XKCD */,
			);
		};
/* End PBXProject section */

/* Begin PBXResourcesBuildPhase section */
		CD2F1A00220F27A300062D33 /* Resources */ = {
			isa = PBXResourcesBuildPhase;
			buildActionMask = 2147483647;
			files = (
				CD2F1A10220F27A500062D33 /* LaunchScreen.storyboard in Resources */,
				CD2F1A0D220F27A500062D33 /* Assets.xcassets in Resources */,
				CD2F1A1E220F2A0B00062D33 /* FeedViewControllerCell.xib in Resources */,
				CD2F1A0B220F27A300062D33 /* Main.storyboard in Resources */,
				CD2F1A3822160ED700062D33 /* FavoriteViewControllerEmptyCell.xib in Resources */,
			);
			runOnlyForDeploymentPostprocessing = 0;
		};
/* End PBXResourcesBuildPhase section */

/* Begin PBXShellScriptBuildPhase section */
		579A9AFCF2D6E96B9630BB24 /* [CP] Embed Pods Frameworks */ = {
			isa = PBXShellScriptBuildPhase;
			buildActionMask = 2147483647;
			files = (
			);
			inputFileListPaths = (
			);
			inputPaths = (
				"${SRCROOT}/Pods/Target Support Files/Pods-XKCD/Pods-XKCD-frameworks.sh",
				"${BUILT_PRODUCTS_DIR}/Alamofire/Alamofire.framework",
				"${BUILT_PRODUCTS_DIR}/Kingfisher/Kingfisher.framework",
			);
			name = "[CP] Embed Pods Frameworks";
			outputFileListPaths = (
			);
			outputPaths = (
				"${TARGET_BUILD_DIR}/${FRAMEWORKS_FOLDER_PATH}/Alamofire.framework",
				"${TARGET_BUILD_DIR}/${FRAMEWORKS_FOLDER_PATH}/Kingfisher.framework",
			);
			runOnlyForDeploymentPostprocessing = 0;
			shellPath = /bin/sh;
			shellScript = "\"${SRCROOT}/Pods/Target Support Files/Pods-XKCD/Pods-XKCD-frameworks.sh\"\n";
			showEnvVarsInLog = 0;
		};
		6881C64D7060EF243152CC3F /* [CP] Check Pods Manifest.lock */ = {
			isa = PBXShellScriptBuildPhase;
			buildActionMask = 2147483647;
			files = (
			);
			inputFileListPaths = (
			);
			inputPaths = (
				"${PODS_PODFILE_DIR_PATH}/Podfile.lock",
				"${PODS_ROOT}/Manifest.lock",
			);
			name = "[CP] Check Pods Manifest.lock";
			outputFileListPaths = (
			);
			outputPaths = (
				"$(DERIVED_FILE_DIR)/Pods-XKCD-checkManifestLockResult.txt",
			);
			runOnlyForDeploymentPostprocessing = 0;
			shellPath = /bin/sh;
			shellScript = "diff \"${PODS_PODFILE_DIR_PATH}/Podfile.lock\" \"${PODS_ROOT}/Manifest.lock\" > /dev/null\nif [ $? != 0 ] ; then\n    # print error to STDERR\n    echo \"error: The sandbox is not in sync with the Podfile.lock. Run 'pod install' or update your CocoaPods installation.\" >&2\n    exit 1\nfi\n# This output is used by Xcode 'outputs' to avoid re-running this script phase.\necho \"SUCCESS\" > \"${SCRIPT_OUTPUT_FILE_0}\"\n";
			showEnvVarsInLog = 0;
		};
/* End PBXShellScriptBuildPhase section */

/* Begin PBXSourcesBuildPhase section */
		CD2F19FE220F27A300062D33 /* Sources */ = {
			isa = PBXSourcesBuildPhase;
			buildActionMask = 2147483647;
			files = (
				CD2F1A322216009A00062D33 /* FavoriteViewController.swift in Sources */,
				CD2F1A30221453CC00062D33 /* Bindable.swift in Sources */,
				CD2F1A2E22143EAB00062D33 /* FeedViewControllerCellViewModel.swift in Sources */,
				CD2F1A242212939700062D33 /* Constants.swift in Sources */,
				CD2F1A2C22129DB800062D33 /* Comic.swift in Sources */,
				CD2F1A18220F283A00062D33 /* FeedViewController.swift in Sources */,
				CD2F1A2922129BD300062D33 /* ComicService.swift in Sources */,
				CD2F1A34221606F600062D33 /* FavoriteViewControllerViewModel.swift in Sources */,
				CD2F1A1D220F2A0B00062D33 /* FeedViewControllerCell.swift in Sources */,
				CD2F1A2722129B8800062D33 /* FeedViewControllerViewModel.swift in Sources */,
				CD2F1A3722160ED700062D33 /* FavoriteViewControllerEmptyCell.swift in Sources */,
				CD2F1A2222128F8500062D33 /* NetworkService.swift in Sources */,
				CD2F1A06220F27A300062D33 /* AppDelegate.swift in Sources */,
			);
			runOnlyForDeploymentPostprocessing = 0;
		};
/* End PBXSourcesBuildPhase section */

/* Begin PBXVariantGroup section */
		CD2F1A09220F27A300062D33 /* Main.storyboard */ = {
			isa = PBXVariantGroup;
			children = (
				CD2F1A0A220F27A300062D33 /* Base */,
			);
			name = Main.storyboard;
			sourceTree = "<group>";
		};
		CD2F1A0E220F27A500062D33 /* LaunchScreen.storyboard */ = {
			isa = PBXVariantGroup;
			children = (
				CD2F1A0F220F27A500062D33 /* Base */,
			);
			name = LaunchScreen.storyboard;
			sourceTree = "<group>";
		};
/* End PBXVariantGroup section */

/* Begin XCBuildConfiguration section */
		CD2F1A12220F27A500062D33 /* Debug */ = {
			isa = XCBuildConfiguration;
			buildSettings = {
				ALWAYS_SEARCH_USER_PATHS = NO;
				CLANG_ANALYZER_NONNULL = YES;
				CLANG_ANALYZER_NUMBER_OBJECT_CONVERSION = YES_AGGRESSIVE;
				CLANG_CXX_LANGUAGE_STANDARD = "gnu++14";
				CLANG_CXX_LIBRARY = "libc++";
				CLANG_ENABLE_MODULES = YES;
				CLANG_ENABLE_OBJC_ARC = YES;
				CLANG_ENABLE_OBJC_WEAK = YES;
				CLANG_WARN_BLOCK_CAPTURE_AUTORELEASING = YES;
				CLANG_WARN_BOOL_CONVERSION = YES;
				CLANG_WARN_COMMA = YES;
				CLANG_WARN_CONSTANT_CONVERSION = YES;
				CLANG_WARN_DEPRECATED_OBJC_IMPLEMENTATIONS = YES;
				CLANG_WARN_DIRECT_OBJC_ISA_USAGE = YES_ERROR;
				CLANG_WARN_DOCUMENTATION_COMMENTS = YES;
				CLANG_WARN_EMPTY_BODY = YES;
				CLANG_WARN_ENUM_CONVERSION = YES;
				CLANG_WARN_INFINITE_RECURSION = YES;
				CLANG_WARN_INT_CONVERSION = YES;
				CLANG_WARN_NON_LITERAL_NULL_CONVERSION = YES;
				CLANG_WARN_OBJC_IMPLICIT_RETAIN_SELF = YES;
				CLANG_WARN_OBJC_LITERAL_CONVERSION = YES;
				CLANG_WARN_OBJC_ROOT_CLASS = YES_ERROR;
				CLANG_WARN_RANGE_LOOP_ANALYSIS = YES;
				CLANG_WARN_STRICT_PROTOTYPES = YES;
				CLANG_WARN_SUSPICIOUS_MOVE = YES;
				CLANG_WARN_UNGUARDED_AVAILABILITY = YES_AGGRESSIVE;
				CLANG_WARN_UNREACHABLE_CODE = YES;
				CLANG_WARN__DUPLICATE_METHOD_MATCH = YES;
				CODE_SIGN_IDENTITY = "iPhone Developer";
				COPY_PHASE_STRIP = NO;
				DEBUG_INFORMATION_FORMAT = dwarf;
				ENABLE_STRICT_OBJC_MSGSEND = YES;
				ENABLE_TESTABILITY = YES;
				GCC_C_LANGUAGE_STANDARD = gnu11;
				GCC_DYNAMIC_NO_PIC = NO;
				GCC_NO_COMMON_BLOCKS = YES;
				GCC_OPTIMIZATION_LEVEL = 0;
				GCC_PREPROCESSOR_DEFINITIONS = (
					"DEBUG=1",
					"$(inherited)",
				);
				GCC_WARN_64_TO_32_BIT_CONVERSION = YES;
				GCC_WARN_ABOUT_RETURN_TYPE = YES_ERROR;
				GCC_WARN_UNDECLARED_SELECTOR = YES;
				GCC_WARN_UNINITIALIZED_AUTOS = YES_AGGRESSIVE;
				GCC_WARN_UNUSED_FUNCTION = YES;
				GCC_WARN_UNUSED_VARIABLE = YES;
				IPHONEOS_DEPLOYMENT_TARGET = 12.1;
				MTL_ENABLE_DEBUG_INFO = INCLUDE_SOURCE;
				MTL_FAST_MATH = YES;
				ONLY_ACTIVE_ARCH = YES;
				SDKROOT = iphoneos;
				SWIFT_ACTIVE_COMPILATION_CONDITIONS = DEBUG;
				SWIFT_OPTIMIZATION_LEVEL = "-Onone";
			};
			name = Debug;
		};
		CD2F1A13220F27A500062D33 /* Release */ = {
			isa = XCBuildConfiguration;
			buildSettings = {
				ALWAYS_SEARCH_USER_PATHS = NO;
				CLANG_ANALYZER_NONNULL = YES;
				CLANG_ANALYZER_NUMBER_OBJECT_CONVERSION = YES_AGGRESSIVE;
				CLANG_CXX_LANGUAGE_STANDARD = "gnu++14";
				CLANG_CXX_LIBRARY = "libc++";
				CLANG_ENABLE_MODULES = YES;
				CLANG_ENABLE_OBJC_ARC = YES;
				CLANG_ENABLE_OBJC_WEAK = YES;
				CLANG_WARN_BLOCK_CAPTURE_AUTORELEASING = YES;
				CLANG_WARN_BOOL_CONVERSION = YES;
				CLANG_WARN_COMMA = YES;
				CLANG_WARN_CONSTANT_CONVERSION = YES;
				CLANG_WARN_DEPRECATED_OBJC_IMPLEMENTATIONS = YES;
				CLANG_WARN_DIRECT_OBJC_ISA_USAGE = YES_ERROR;
				CLANG_WARN_DOCUMENTATION_COMMENTS = YES;
				CLANG_WARN_EMPTY_BODY = YES;
				CLANG_WARN_ENUM_CONVERSION = YES;
				CLANG_WARN_INFINITE_RECURSION = YES;
				CLANG_WARN_INT_CONVERSION = YES;
				CLANG_WARN_NON_LITERAL_NULL_CONVERSION = YES;
				CLANG_WARN_OBJC_IMPLICIT_RETAIN_SELF = YES;
				CLANG_WARN_OBJC_LITERAL_CONVERSION = YES;
				CLANG_WARN_OBJC_ROOT_CLASS = YES_ERROR;
				CLANG_WARN_RANGE_LOOP_ANALYSIS = YES;
				CLANG_WARN_STRICT_PROTOTYPES = YES;
				CLANG_WARN_SUSPICIOUS_MOVE = YES;
				CLANG_WARN_UNGUARDED_AVAILABILITY = YES_AGGRESSIVE;
				CLANG_WARN_UNREACHABLE_CODE = YES;
				CLANG_WARN__DUPLICATE_METHOD_MATCH = YES;
				CODE_SIGN_IDENTITY = "iPhone Developer";
				COPY_PHASE_STRIP = NO;
				DEBUG_INFORMATION_FORMAT = "dwarf-with-dsym";
				ENABLE_NS_ASSERTIONS = NO;
				ENABLE_STRICT_OBJC_MSGSEND = YES;
				GCC_C_LANGUAGE_STANDARD = gnu11;
				GCC_NO_COMMON_BLOCKS = YES;
				GCC_WARN_64_TO_32_BIT_CONVERSION = YES;
				GCC_WARN_ABOUT_RETURN_TYPE = YES_ERROR;
				GCC_WARN_UNDECLARED_SELECTOR = YES;
				GCC_WARN_UNINITIALIZED_AUTOS = YES_AGGRESSIVE;
				GCC_WARN_UNUSED_FUNCTION = YES;
				GCC_WARN_UNUSED_VARIABLE = YES;
				IPHONEOS_DEPLOYMENT_TARGET = 12.1;
				MTL_ENABLE_DEBUG_INFO = NO;
				MTL_FAST_MATH = YES;
				SDKROOT = iphoneos;
				SWIFT_COMPILATION_MODE = wholemodule;
				SWIFT_OPTIMIZATION_LEVEL = "-O";
				VALIDATE_PRODUCT = YES;
			};
			name = Release;
		};
		CD2F1A15220F27A500062D33 /* Debug */ = {
			isa = XCBuildConfiguration;
			baseConfigurationReference = F0C537DC87056829DDF1EE80 /* Pods-XKCD.debug.xcconfig */;
			buildSettings = {
				ASSETCATALOG_COMPILER_APPICON_NAME = AppIcon;
				CODE_SIGN_STYLE = Automatic;
				DEVELOPMENT_TEAM = MW4M35RV6Z;
				INFOPLIST_FILE = XKCD/Info.plist;
				LD_RUNPATH_SEARCH_PATHS = (
					"$(inherited)",
					"@executable_path/Frameworks",
				);
				PRODUCT_BUNDLE_IDENTIFIER = com.homeapps.XKCD;
				PRODUCT_NAME = "$(TARGET_NAME)";
				SWIFT_VERSION = 4.2;
				TARGETED_DEVICE_FAMILY = "1,2";
			};
			name = Debug;
		};
		CD2F1A16220F27A500062D33 /* Release */ = {
			isa = XCBuildConfiguration;
			baseConfigurationReference = 54033CA1578E26DD92E85E2D /* Pods-XKCD.release.xcconfig */;
			buildSettings = {
				ASSETCATALOG_COMPILER_APPICON_NAME = AppIcon;
				CODE_SIGN_STYLE = Automatic;
				DEVELOPMENT_TEAM = MW4M35RV6Z;
				INFOPLIST_FILE = XKCD/Info.plist;
				LD_RUNPATH_SEARCH_PATHS = (
					"$(inherited)",
					"@executable_path/Frameworks",
				);
				PRODUCT_BUNDLE_IDENTIFIER = com.homeapps.XKCD;
				PRODUCT_NAME = "$(TARGET_NAME)";
				SWIFT_VERSION = 4.2;
				TARGETED_DEVICE_FAMILY = "1,2";
			};
			name = Release;
		};
/* End XCBuildConfiguration section */

/* Begin XCConfigurationList section */
		CD2F19FD220F27A300062D33 /* Build configuration list for PBXProject "XKCD" */ = {
			isa = XCConfigurationList;
			buildConfigurations = (
				CD2F1A12220F27A500062D33 /* Debug */,
				CD2F1A13220F27A500062D33 /* Release */,
			);
			defaultConfigurationIsVisible = 0;
			defaultConfigurationName = Release;
		};
		CD2F1A14220F27A500062D33 /* Build configuration list for PBXNativeTarget "XKCD" */ = {
			isa = XCConfigurationList;
			buildConfigurations = (
				CD2F1A15220F27A500062D33 /* Debug */,
				CD2F1A16220F27A500062D33 /* Release */,
			);
			defaultConfigurationIsVisible = 0;
			defaultConfigurationName = Release;
		};
/* End XCConfigurationList section */
	};
	rootObject = CD2F19FA220F27A300062D33 /* Project object */;
}
